
Microsoft Visual Studio Solution File, Format Version 12.00
# Visual Studio 2017
Project("{FAE04EC0-301F-11D3-BF4B-00C04F79EFBC}") = "ASU_Holodeck", "ASU_Holodeck.csproj", "{DF186F50-E990-BCCB-4365-75AC59D412A3}"
EndProject
Project("{FAE04EC0-301F-11D3-BF4B-00C04F79EFBC}") = "ASU_Holodeck.Editor", "ASU_Holodeck.Editor.csproj", "{86B732C6-8B2E-8113-2A0F-DB6C2BC1D9B0}"
EndProject
Global
	GlobalSection(SolutionConfigurationPlatforms) = preSolution
		Debug|Any CPU = Debug|Any CPU
		Release|Any CPU = Release|Any CPU
	EndGlobalSection
	GlobalSection(ProjectConfigurationPlatforms) = postSolution
		{DF186F50-E990-BCCB-4365-75AC59D412A3}.Debug|Any CPU.ActiveCfg = Debug|Any CPU
		{DF186F50-E990-BCCB-4365-75AC59D412A3}.Debug|Any CPU.Build.0 = Debug|Any CPU
		{DF186F50-E990-BCCB-4365-75AC59D412A3}.Release|Any CPU.ActiveCfg = Release|Any CPU
		{DF186F50-E990-BCCB-4365-75AC59D412A3}.Release|Any CPU.Build.0 = Release|Any CPU
		{86B732C6-8B2E-8113-2A0F-DB6C2BC1D9B0}.Debug|Any CPU.ActiveCfg = Debug|Any CPU
		{86B732C6-8B2E-8113-2A0F-DB6C2BC1D9B0}.Debug|Any CPU.Build.0 = Debug|Any CPU
		{86B732C6-8B2E-8113-2A0F-DB6C2BC1D9B0}.Release|Any CPU.ActiveCfg = Release|Any CPU
		{86B732C6-8B2E-8113-2A0F-DB6C2BC1D9B0}.Release|Any CPU.Build.0 = Release|Any CPU
	EndGlobalSection
	GlobalSection(SolutionProperties) = preSolution
		HideSolutionNode = FALSE
	EndGlobalSection
EndGlobal
